<?xml version="1.0" encoding="utf-8"?>
<Project ToolsVersion="4.0" xmlns="http://schemas.microsoft.com/developer/msbuild/2003">
  <ItemGroup>
    <Filter Include="Ember">
      <UniqueIdentifier>{900E1D0D-FC22-45BE-C5A4-E81D317841EF}</UniqueIdentifier>
    </Filter>
    <Filter Include="Ember\Events">
      <UniqueIdentifier>{74B89ED4-601B-2E79-09A1-662FF5E2F9FB}</UniqueIdentifier>
    </Filter>
    <Filter Include="Platform">
      <UniqueIdentifier>{2AC788B4-1694-E3BF-3FAD-D1672BD9184E}</UniqueIdentifier>
    </Filter>
    <Filter Include="Platform\Windows">
      <UniqueIdentifier>{64FBD71A-50F4-F66C-7926-DCF1657ED678}</UniqueIdentifier>
    </Filter>
  </ItemGroup>
  <ItemGroup>
    <ClInclude Include="Source\Ember.h" />
    <ClInclude Include="Source\Ember\Application.h">
      <Filter>Ember</Filter>
    </ClInclude>
    <ClInclude Include="Source\Ember\Core.h">
      <Filter>Ember</Filter>
    </ClInclude>
    <ClInclude Include="Source\Ember\EntryPoint.h">
      <Filter>Ember</Filter>
    </ClInclude>
    <ClInclude Include="Source\Ember\Events\ApplicationEvent.h">
      <Filter>Ember\Events</Filter>
    </ClInclude>
    <ClInclude Include="Source\Ember\Events\Event.h">
      <Filter>Ember\Events</Filter>
    </ClInclude>
    <ClInclude Include="Source\Ember\Events\KeyEvent.h">
      <Filter>Ember\Events</Filter>
    </ClInclude>
    <ClInclude Include="Source\Ember\Events\MouseEvent.h">
      <Filter>Ember\Events</Filter>
    </ClInclude>
    <ClInclude Include="Source\Ember\Log.h">
      <Filter>Ember</Filter>
    </ClInclude>
    <ClInclude Include="Source\Ember\Window.h">
      <Filter>Ember</Filter>
    </ClInclude>
    <ClInclude Include="Source\Platform\Windows\WindowsWindow.h">
      <Filter>Platform\Windows</Filter>
    </ClInclude>
    <ClInclude Include="Source\emberpch.h" />
  </ItemGroup>
  <ItemGroup>
    <ClCompile Include="Source\Ember\Application.cpp">
      <Filter>Ember</Filter>
    </ClCompile>
    <ClCompile Include="Source\Ember\Log.cpp">
      <Filter>Ember</Filter>
    </ClCompile>
    <ClCompile Include="Source\Platform\Windows\WindowsWindow.cpp">
      <Filter>Platform\Windows</Filter>
    </ClCompile>
    <ClCompile Include="Source\emberpch.cpp" />
  </ItemGroup>
</Project>