<?xml version="1.0" encoding="utf-8"?>
<Project ToolsVersion="4.0" xmlns="http://schemas.microsoft.com/developer/msbuild/2003">
  <ItemGroup>
    <Filter Include="源文件">
      <UniqueIdentifier>{4FC737F1-C7A5-4376-A066-2A32D752A2FF}</UniqueIdentifier>
      <Extensions>cpp;c;cc;cxx;c++;cppm;ixx;def;odl;idl;hpj;bat;asm;asmx</Extensions>
    </Filter>
    <Filter Include="头文件">
      <UniqueIdentifier>{93995380-89BD-4b04-88EB-625FBE52EBFB}</UniqueIdentifier>
      <Extensions>h;hh;hpp;hxx;h++;hm;inl;inc;ipp;xsd</Extensions>
    </Filter>
    <Filter Include="资源文件">
      <UniqueIdentifier>{67DA6AB6-F800-4c08-8B7A-83BB121AAD01}</UniqueIdentifier>
      <Extensions>rc;ico;cur;bmp;dlg;rc2;rct;bin;rgs;gif;jpg;jpeg;jpe;resx;tiff;tif;png;wav;mfcribbon-ms</Extensions>
    </Filter>
  </ItemGroup>
  <ItemGroup>
    <ClCompile Include="main.cpp">
      <Filter>源文件</Filter>
    </ClCompile>
    <ClCompile Include="Source\Core\Application.cpp">
      <Filter>源文件</Filter>
    </ClCompile>
    <ClCompile Include="Source\Scene\Component\Graphic\Mesh.cpp">
      <Filter>源文件</Filter>
    </ClCompile>
    <ClCompile Include="Source\Scene\Component\Graphic\Shader.cpp">
      <Filter>源文件</Filter>
    </ClCompile>
    <ClCompile Include="Source\Scene\Actor\Actor.cpp">
      <Filter>源文件</Filter>
    </ClCompile>
    <ClCompile Include="Source\Scene\Scene.cpp">
      <Filter>源文件</Filter>
    </ClCompile>
    <ClCompile Include="Libraries\Third\glad.c">
      <Filter>源文件</Filter>
    </ClCompile>
    <ClCompile Include="test.cpp">
      <Filter>源文件</Filter>
    </ClCompile>
    <ClCompile Include="Source\Scene\Component\Graphic\Texture.cpp">
      <Filter>源文件</Filter>
    </ClCompile>
    <ClCompile Include="Source\Scene\Component\Transform\Transform.cpp">
      <Filter>源文件</Filter>
    </ClCompile>
    <ClCompile Include="Libraries\Foundation\src\Collection\HashTable.h">
      <Filter>源文件</Filter>
    </ClCompile>
    <ClCompile Include="Source\Scene\Actor\MeshActor.cpp">
      <Filter>源文件</Filter>
    </ClCompile>
    <ClCompile Include="Source\Scene\Component\Transform\Rotator.cpp">
      <Filter>源文件</Filter>
    </ClCompile>
    <ClCompile Include="Source\Scene\Actor\CameraActor.cpp">
      <Filter>源文件</Filter>
    </ClCompile>
    <ClCompile Include="Source\Manager\InputManager.cpp">
      <Filter>源文件</Filter>
    </ClCompile>
    <ClCompile Include="Libraries\Foundation\src\MyFileSystem\FileReader.cpp">
      <Filter>源文件</Filter>
    </ClCompile>
    <ClCompile Include="Source\Manager\TextureManager.cpp">
      <Filter>源文件</Filter>
    </ClCompile>
    <ClCompile Include="Source\Scene\Actor\PointLightActor.cpp">
      <Filter>源文件</Filter>
    </ClCompile>
    <ClCompile Include="Source\Scene\Component\Graphic\Material.cpp">
      <Filter>源文件</Filter>
    </ClCompile>
    <ClCompile Include="Source\Scene\Actor\DirectionalLightActor.cpp">
      <Filter>源文件</Filter>
    </ClCompile>
    <ClCompile Include="Source\Scene\Component\Graphic\Model.cpp">
      <Filter>源文件</Filter>
    </ClCompile>
    <ClCompile Include="Source\Scene\Component\Graphic\Camera.cpp">
      <Filter>源文件</Filter>
    </ClCompile>
    <ClCompile Include="Source\Scene\Actor\ModelActor.cpp">
      <Filter>源文件</Filter>
    </ClCompile>
    <ClCompile Include="Source\Manager\ModelManager.cpp">
      <Filter>源文件</Filter>
    </ClCompile>
    <ClCompile Include="Source\Manager\ShaderManager.cpp">
      <Filter>源文件</Filter>
    </ClCompile>
    <ClCompile Include="Source\Scene\Renderer\ForwardRenderer.cpp">
      <Filter>源文件</Filter>
    </ClCompile>
    <ClCompile Include="Source\Scene\Component\Animator\Bone.cpp">
      <Filter>源文件</Filter>
    </ClCompile>
    <ClCompile Include="Source\Scene\Component\Animator\Animation.cpp">
      <Filter>源文件</Filter>
    </ClCompile>
    <ClCompile Include="Source\Scene\Component\Animator\Skeleton.cpp">
      <Filter>源文件</Filter>
    </ClCompile>
    <ClCompile Include="Source\Manager\AnimationManager.cpp">
      <Filter>源文件</Filter>
    </ClCompile>
    <ClCompile Include="Source\Manager\DebugDrawManager.cpp">
      <Filter>源文件</Filter>
    </ClCompile>
  </ItemGroup>
  <ItemGroup>
    <ClInclude Include="Source\Core\Application.h">
      <Filter>头文件</Filter>
    </ClInclude>
    <ClInclude Include="Source\Scene\Component\Graphic\Mesh.h">
      <Filter>头文件</Filter>
    </ClInclude>
    <ClInclude Include="Source\Scene\Component\Graphic\Shader.h">
      <Filter>头文件</Filter>
    </ClInclude>
    <ClInclude Include="Source\Scene\Actor\Actor.h">
      <Filter>头文件</Filter>
    </ClInclude>
    <ClInclude Include="Source\Scene\Scene.h">
      <Filter>头文件</Filter>
    </ClInclude>
    <ClInclude Include="Common.h">
      <Filter>头文件</Filter>
    </ClInclude>
    <ClInclude Include="Libraries\Foundation\Include\Memory.h">
      <Filter>头文件</Filter>
    </ClInclude>
    <ClInclude Include="Libraries\Foundation\Include\Math.h">
      <Filter>头文件</Filter>
    </ClInclude>
    <ClInclude Include="Libraries\Foundation\Include\Collection.h">
      <Filter>头文件</Filter>
    </ClInclude>
    <ClInclude Include="test.h">
      <Filter>头文件</Filter>
    </ClInclude>
    <ClInclude Include="Libraries\Foundation\src\Math\MathCommon.h">
      <Filter>头文件</Filter>
    </ClInclude>
    <ClInclude Include="Libraries\Foundation\src\Memory\SmartPointer.h">
      <Filter>头文件</Filter>
    </ClInclude>
    <ClInclude Include="Libraries\Foundation\src\Collection\Vector.h">
      <Filter>头文件</Filter>
    </ClInclude>
    <ClInclude Include="Source\Scene\Component\Graphic\Texture.h">
      <Filter>头文件</Filter>
    </ClInclude>
    <ClInclude Include="Source\Scene\Component\Transform\Transform.h">
      <Filter>头文件</Filter>
    </ClInclude>
    <ClInclude Include="Libraries\Foundation\src\Math\Quaternion.h">
      <Filter>头文件</Filter>
    </ClInclude>
    <ClInclude Include="Source\Scene\Component\Transform\Rotator.h">
      <Filter>头文件</Filter>
    </ClInclude>
    <ClInclude Include="Libraries\Foundation\Include\Network.h">
      <Filter>头文件</Filter>
    </ClInclude>
    <ClInclude Include="Source\Scene\Actor\MeshActor.h">
      <Filter>头文件</Filter>
    </ClInclude>
    <ClInclude Include="Source\Scene\Actor\CameraActor.h">
      <Filter>头文件</Filter>
    </ClInclude>
    <ClInclude Include="Source\Manager\InputManager.h">
      <Filter>头文件</Filter>
    </ClInclude>
    <ClInclude Include="Libraries\Foundation\Include\MyFileSystem.h">
      <Filter>头文件</Filter>
    </ClInclude>
    <ClInclude Include="Libraries\Foundation\src\MyFileSystem\FileReader.h">
      <Filter>头文件</Filter>
    </ClInclude>
    <ClInclude Include="Source\Manager\TextureManager.h">
      <Filter>头文件</Filter>
    </ClInclude>
    <ClInclude Include="Source\Scene\Actor\PointLightActor.h">
      <Filter>头文件</Filter>
    </ClInclude>
    <ClInclude Include="Source\Scene\Component\Graphic\Material.h">
      <Filter>头文件</Filter>
    </ClInclude>
    <ClInclude Include="Source\Scene\Actor\DirectionalLightActor.h">
      <Filter>头文件</Filter>
    </ClInclude>
    <ClInclude Include="Source\Scene\Component\Graphic\Model.h">
      <Filter>头文件</Filter>
    </ClInclude>
    <ClInclude Include="Source\Scene\Component\Graphic\Camera.h">
      <Filter>头文件</Filter>
    </ClInclude>
    <ClInclude Include="Source\Scene\Actor\ModelActor.h">
      <Filter>头文件</Filter>
    </ClInclude>
    <ClInclude Include="Source\Manager\ModelManager.h">
      <Filter>头文件</Filter>
    </ClInclude>
    <ClInclude Include="Source\Manager\ShaderManager.h">
      <Filter>头文件</Filter>
    </ClInclude>
    <ClInclude Include="Source\Scene\Renderer\ForwardRenderer.h">
      <Filter>头文件</Filter>
    </ClInclude>
    <ClInclude Include="Source\Scene\Component\Animator\Bone.h">
      <Filter>头文件</Filter>
    </ClInclude>
    <ClInclude Include="Source\Scene\Component\Animator\Animation.h">
      <Filter>头文件</Filter>
    </ClInclude>
    <ClInclude Include="Source\Scene\Component\Animator\Skeleton.h">
      <Filter>头文件</Filter>
    </ClInclude>
    <ClInclude Include="Source\Manager\AnimationManager.h">
      <Filter>头文件</Filter>
    </ClInclude>
    <ClInclude Include="Source\Manager\DebugDrawManager.h">
      <Filter>头文件</Filter>
    </ClInclude>
  </ItemGroup>
</Project>